// !$*UTF8*$!
{
	archiveVersion = 1;
	classes = {
	};
	objectVersion = 46;
	objects = {

/* Begin PBXBuildFile section */
		980E85251AAA561800E66470 /* Post.swift in Sources */ = {isa = PBXBuildFile; fileRef = 980E85241AAA561800E66470 /* Post.swift */; };
		980E85271AAA562100E66470 /* Feed.swift in Sources */ = {isa = PBXBuildFile; fileRef = 980E85261AAA562100E66470 /* Feed.swift */; };
		983334511AA927AD00A87897 /* CampKit.framework in Frameworks */ = {isa = PBXBuildFile; fileRef = 983334451AA927AD00A87897 /* CampKit.framework */; };
		983334581AA927AD00A87897 /* CampKitTests.swift in Sources */ = {isa = PBXBuildFile; fileRef = 983334571AA927AD00A87897 /* CampKitTests.swift */; };
		9853D50C1ABA281200CDADCC /* Tent.swift in Sources */ = {isa = PBXBuildFile; fileRef = 9853D50A1ABA281200CDADCC /* Tent.swift */; };
		986351D31ABB70E3006E94CC /* File.swift in Sources */ = {isa = PBXBuildFile; fileRef = 986351D21ABB70E3006E94CC /* File.swift */; };
		986FB3151AD12EF900143608 /* App.swift in Sources */ = {isa = PBXBuildFile; fileRef = 986FB3141AD12EF900143608 /* App.swift */; };
		989ACEB31ABB6360002DB384 /* meta in Resources */ = {isa = PBXBuildFile; fileRef = 989ACEB21ABB6360002DB384 /* meta */; };
		98A1A9B91AD194C90055A281 /* SweetHMAC.swift in Sources */ = {isa = PBXBuildFile; fileRef = 98A1A9B81AD194C90055A281 /* SweetHMAC.swift */; };
		98EF7A7B1AC1E805007E17E6 /* Status.swift in Sources */ = {isa = PBXBuildFile; fileRef = 98EF7A7A1AC1E805007E17E6 /* Status.swift */; };
		98F35AEE1AB8C0B600D7BC80 /* Meta.swift in Sources */ = {isa = PBXBuildFile; fileRef = 98F35AED1AB8C0B600D7BC80 /* Meta.swift */; };
/* End PBXBuildFile section */

/* Begin PBXContainerItemProxy section */
		983334521AA927AD00A87897 /* PBXContainerItemProxy */ = {
			isa = PBXContainerItemProxy;
			containerPortal = 9833343A1AA9279700A87897 /* Project object */;
			proxyType = 1;
			remoteGlobalIDString = 983334441AA927AD00A87897;
			remoteInfo = CampKit;
		};
/* End PBXContainerItemProxy section */

/* Begin PBXFileReference section */
		980E85241AAA561800E66470 /* Post.swift */ = {isa = PBXFileReference; fileEncoding = 4; lastKnownFileType = sourcecode.swift; path = Post.swift; sourceTree = "<group>"; };
		980E85261AAA562100E66470 /* Feed.swift */ = {isa = PBXFileReference; fileEncoding = 4; lastKnownFileType = sourcecode.swift; path = Feed.swift; sourceTree = "<group>"; };
		983334451AA927AD00A87897 /* CampKit.framework */ = {isa = PBXFileReference; explicitFileType = wrapper.framework; includeInIndex = 0; path = CampKit.framework; sourceTree = BUILT_PRODUCTS_DIR; };
		983334491AA927AD00A87897 /* Info.plist */ = {isa = PBXFileReference; lastKnownFileType = text.plist.xml; path = Info.plist; sourceTree = "<group>"; };
		9833344A1AA927AD00A87897 /* CampKit.h */ = {isa = PBXFileReference; lastKnownFileType = sourcecode.c.h; path = CampKit.h; sourceTree = "<group>"; };
		983334501AA927AD00A87897 /* CampKitTests.xctest */ = {isa = PBXFileReference; explicitFileType = wrapper.cfbundle; includeInIndex = 0; path = CampKitTests.xctest; sourceTree = BUILT_PRODUCTS_DIR; };
		983334561AA927AD00A87897 /* Info.plist */ = {isa = PBXFileReference; lastKnownFileType = text.plist.xml; path = Info.plist; sourceTree = "<group>"; };
		983334571AA927AD00A87897 /* CampKitTests.swift */ = {isa = PBXFileReference; lastKnownFileType = sourcecode.swift; path = CampKitTests.swift; sourceTree = "<group>"; };
		9853D50A1ABA281200CDADCC /* Tent.swift */ = {isa = PBXFileReference; fileEncoding = 4; lastKnownFileType = sourcecode.swift; path = Tent.swift; sourceTree = "<group>"; };
		986351D21ABB70E3006E94CC /* File.swift */ = {isa = PBXFileReference; fileEncoding = 4; lastKnownFileType = sourcecode.swift; path = File.swift; sourceTree = "<group>"; };
		986FB3141AD12EF900143608 /* App.swift */ = {isa = PBXFileReference; fileEncoding = 4; lastKnownFileType = sourcecode.swift; path = App.swift; sourceTree = "<group>"; };
		989ACEB21ABB6360002DB384 /* meta */ = {isa = PBXFileReference; fileEncoding = 4; lastKnownFileType = text; path = meta; sourceTree = "<group>"; };
		98A1A9B81AD194C90055A281 /* SweetHMAC.swift */ = {isa = PBXFileReference; fileEncoding = 4; lastKnownFileType = sourcecode.swift; path = SweetHMAC.swift; sourceTree = "<group>"; };
		98E0F2791AAAA07B003B1385 /* MyPlayground.playground */ = {isa = PBXFileReference; lastKnownFileType = file.playground; path = MyPlayground.playground; sourceTree = "<group>"; };
		98EF7A7A1AC1E805007E17E6 /* Status.swift */ = {isa = PBXFileReference; fileEncoding = 4; lastKnownFileType = sourcecode.swift; path = Status.swift; sourceTree = "<group>"; };
		98EF7A7D1AC1EAE6007E17E6 /* CampKit-Bridging-Header.h */ = {isa = PBXFileReference; lastKnownFileType = sourcecode.c.h; name = "CampKit-Bridging-Header.h"; path = "CampKit/CampKit-Bridging-Header.h"; sourceTree = "<group>"; };
		98F35AED1AB8C0B600D7BC80 /* Meta.swift */ = {isa = PBXFileReference; fileEncoding = 4; lastKnownFileType = sourcecode.swift; path = Meta.swift; sourceTree = "<group>"; };
/* End PBXFileReference section */

/* Begin PBXFrameworksBuildPhase section */
		983334411AA927AD00A87897 /* Frameworks */ = {
			isa = PBXFrameworksBuildPhase;
			buildActionMask = 2147483647;
			files = (
			);
			runOnlyForDeploymentPostprocessing = 0;
		};
		9833344D1AA927AD00A87897 /* Frameworks */ = {
			isa = PBXFrameworksBuildPhase;
			buildActionMask = 2147483647;
			files = (
				983334511AA927AD00A87897 /* CampKit.framework in Frameworks */,
			);
			runOnlyForDeploymentPostprocessing = 0;
		};
/* End PBXFrameworksBuildPhase section */

/* Begin PBXGroup section */
		983334391AA9279700A87897 = {
			isa = PBXGroup;
			children = (
				98EF7A7D1AC1EAE6007E17E6 /* CampKit-Bridging-Header.h */,
				989ACEB21ABB6360002DB384 /* meta */,
				98E0F2791AAAA07B003B1385 /* MyPlayground.playground */,
				983334471AA927AD00A87897 /* CampKit */,
				983334541AA927AD00A87897 /* CampKitTests */,
				983334461AA927AD00A87897 /* Products */,
			);
			sourceTree = "<group>";
		};
		983334461AA927AD00A87897 /* Products */ = {
			isa = PBXGroup;
			children = (
				983334451AA927AD00A87897 /* CampKit.framework */,
				983334501AA927AD00A87897 /* CampKitTests.xctest */,
			);
			name = Products;
			sourceTree = "<group>";
		};
		983334471AA927AD00A87897 /* CampKit */ = {
			isa = PBXGroup;
			children = (
				9853D50A1ABA281200CDADCC /* Tent.swift */,
				9833344A1AA927AD00A87897 /* CampKit.h */,
				986FB3141AD12EF900143608 /* App.swift */,
				983334481AA927AD00A87897 /* Supporting Files */,
				980E85241AAA561800E66470 /* Post.swift */,
				980E85261AAA562100E66470 /* Feed.swift */,
				98F35AED1AB8C0B600D7BC80 /* Meta.swift */,
				986351D21ABB70E3006E94CC /* File.swift */,
				98EF7A7A1AC1E805007E17E6 /* Status.swift */,
				98A1A9B81AD194C90055A281 /* SweetHMAC.swift */,
			);
			path = CampKit;
			sourceTree = "<group>";
		};
		983334481AA927AD00A87897 /* Supporting Files */ = {
			isa = PBXGroup;
			children = (
				983334491AA927AD00A87897 /* Info.plist */,
			);
			name = "Supporting Files";
			sourceTree = "<group>";
		};
		983334541AA927AD00A87897 /* CampKitTests */ = {
			isa = PBXGroup;
			children = (
				983334571AA927AD00A87897 /* CampKitTests.swift */,
				983334551AA927AD00A87897 /* Supporting Files */,
			);
			path = CampKitTests;
			sourceTree = "<group>";
		};
		983334551AA927AD00A87897 /* Supporting Files */ = {
			isa = PBXGroup;
			children = (
				983334561AA927AD00A87897 /* Info.plist */,
			);
			name = "Supporting Files";
			sourceTree = "<group>";
		};
/* End PBXGroup section */

/* Begin PBXHeadersBuildPhase section */
		983334421AA927AD00A87897 /* Headers */ = {
			isa = PBXHeadersBuildPhase;
			buildActionMask = 2147483647;
			files = (
			);
			runOnlyForDeploymentPostprocessing = 0;
		};
/* End PBXHeadersBuildPhase section */

/* Begin PBXNativeTarget section */
		983334441AA927AD00A87897 /* CampKit */ = {
			isa = PBXNativeTarget;
			buildConfigurationList = 983334591AA927AD00A87897 /* Build configuration list for PBXNativeTarget "CampKit" */;
			buildPhases = (
				983334401AA927AD00A87897 /* Sources */,
				983334411AA927AD00A87897 /* Frameworks */,
				983334421AA927AD00A87897 /* Headers */,
				983334431AA927AD00A87897 /* Resources */,
			);
			buildRules = (
			);
			dependencies = (
			);
			name = CampKit;
			productName = CampKit;
			productReference = 983334451AA927AD00A87897 /* CampKit.framework */;
			productType = "com.apple.product-type.framework";
		};
		9833344F1AA927AD00A87897 /* CampKitTests */ = {
			isa = PBXNativeTarget;
			buildConfigurationList = 9833345C1AA927AD00A87897 /* Build configuration list for PBXNativeTarget "CampKitTests" */;
			buildPhases = (
				9833344C1AA927AD00A87897 /* Sources */,
				9833344D1AA927AD00A87897 /* Frameworks */,
				9833344E1AA927AD00A87897 /* Resources */,
			);
			buildRules = (
			);
			dependencies = (
				983334531AA927AD00A87897 /* PBXTargetDependency */,
			);
			name = CampKitTests;
			productName = CampKitTests;
			productReference = 983334501AA927AD00A87897 /* CampKitTests.xctest */;
			productType = "com.apple.product-type.bundle.unit-test";
		};
/* End PBXNativeTarget section */

/* Begin PBXProject section */
		9833343A1AA9279700A87897 /* Project object */ = {
			isa = PBXProject;
			attributes = {
				LastUpgradeCheck = 0630;
				TargetAttributes = {
					983334441AA927AD00A87897 = {
						CreatedOnToolsVersion = 6.3;
					};
					9833344F1AA927AD00A87897 = {
						CreatedOnToolsVersion = 6.3;
					};
				};
			};
			buildConfigurationList = 9833343D1AA9279700A87897 /* Build configuration list for PBXProject "CampKit" */;
			compatibilityVersion = "Xcode 3.2";
			developmentRegion = English;
			hasScannedForEncodings = 0;
			knownRegions = (
				en,
			);
			mainGroup = 983334391AA9279700A87897;
			productRefGroup = 983334461AA927AD00A87897 /* Products */;
			projectDirPath = "";
			projectRoot = "";
			targets = (
				983334441AA927AD00A87897 /* CampKit */,
				9833344F1AA927AD00A87897 /* CampKitTests */,
			);
		};
/* End PBXProject section */

/* Begin PBXResourcesBuildPhase section */
		983334431AA927AD00A87897 /* Resources */ = {
			isa = PBXResourcesBuildPhase;
			buildActionMask = 2147483647;
			files = (
				989ACEB31ABB6360002DB384 /* meta in Resources */,
			);
			runOnlyForDeploymentPostprocessing = 0;
		};
		9833344E1AA927AD00A87897 /* Resources */ = {
			isa = PBXResourcesBuildPhase;
			buildActionMask = 2147483647;
			files = (
			);
			runOnlyForDeploymentPostprocessing = 0;
		};
/* End PBXResourcesBuildPhase section */

/* Begin PBXSourcesBuildPhase section */
		983334401AA927AD00A87897 /* Sources */ = {
			isa = PBXSourcesBuildPhase;
			buildActionMask = 2147483647;
			files = (
				98F35AEE1AB8C0B600D7BC80 /* Meta.swift in Sources */,
				9853D50C1ABA281200CDADCC /* Tent.swift in Sources */,
				986351D31ABB70E3006E94CC /* File.swift in Sources */,
				98EF7A7B1AC1E805007E17E6 /* Status.swift in Sources */,
				980E85271AAA562100E66470 /* Feed.swift in Sources */,
				98A1A9B91AD194C90055A281 /* SweetHMAC.swift in Sources */,
				986FB3151AD12EF900143608 /* App.swift in Sources */,
				980E85251AAA561800E66470 /* Post.swift in Sources */,
			);
			runOnlyForDeploymentPostprocessing = 0;
		};
		9833344C1AA927AD00A87897 /* Sources */ = {
			isa = PBXSourcesBuildPhase;
			buildActionMask = 2147483647;
			files = (
				983334581AA927AD00A87897 /* CampKitTests.swift in Sources */,
			);
			runOnlyForDeploymentPostprocessing = 0;
		};
/* End PBXSourcesBuildPhase section */

/* Begin PBXTargetDependency section */
		983334531AA927AD00A87897 /* PBXTargetDependency */ = {
			isa = PBXTargetDependency;
			target = 983334441AA927AD00A87897 /* CampKit */;
			targetProxy = 983334521AA927AD00A87897 /* PBXContainerItemProxy */;
		};
/* End PBXTargetDependency section */

/* Begin XCBuildConfiguration section */
		9833343E1AA9279700A87897 /* Debug */ = {
			isa = XCBuildConfiguration;
			buildSettings = {
				ONLY_ACTIVE_ARCH = YES;
				SDKROOT = macosx;
				SUPPORTED_PLATFORMS = "macosx iphonesimulator iphoneos";
				VALID_ARCHS = "arm64 armv7 armv7s i386 x86_64";
			};
			name = Debug;
		};
		9833343F1AA9279700A87897 /* Release */ = {
			isa = XCBuildConfiguration;
			buildSettings = {
				SDKROOT = macosx;
				SUPPORTED_PLATFORMS = "macosx iphonesimulator iphoneos";
				VALID_ARCHS = "arm64 armv7 armv7s i386 x86_64";
			};
			name = Release;
		};
		9833345A1AA927AD00A87897 /* Debug */ = {
			isa = XCBuildConfiguration;
			buildSettings = {
				ALWAYS_SEARCH_USER_PATHS = NO;
				CLANG_CXX_LANGUAGE_STANDARD = "gnu++0x";
				CLANG_CXX_LIBRARY = "libc++";
				CLANG_ENABLE_MODULES = YES;
				CLANG_ENABLE_OBJC_ARC = YES;
				CLANG_WARN_BOOL_CONVERSION = YES;
				CLANG_WARN_CONSTANT_CONVERSION = YES;
				CLANG_WARN_DIRECT_OBJC_ISA_USAGE = YES_ERROR;
				CLANG_WARN_EMPTY_BODY = YES;
				CLANG_WARN_ENUM_CONVERSION = YES;
				CLANG_WARN_INT_CONVERSION = YES;
				CLANG_WARN_OBJC_ROOT_CLASS = YES_ERROR;
				CLANG_WARN_UNREACHABLE_CODE = YES;
				CLANG_WARN__DUPLICATE_METHOD_MATCH = YES;
				COMBINE_HIDPI_IMAGES = YES;
				COPY_PHASE_STRIP = NO;
				CURRENT_PROJECT_VERSION = 1;
				DEBUG_INFORMATION_FORMAT = dwarf;
				DEFINES_MODULE = YES;
				DYLIB_COMPATIBILITY_VERSION = 1;
				DYLIB_CURRENT_VERSION = 1;
				DYLIB_INSTALL_NAME_BASE = "@rpath";
				ENABLE_STRICT_OBJC_MSGSEND = YES;
				FRAMEWORK_SEARCH_PATHS = "$(inherited)";
				FRAMEWORK_VERSION = A;
				GCC_C_LANGUAGE_STANDARD = gnu99;
				GCC_DYNAMIC_NO_PIC = NO;
				GCC_NO_COMMON_BLOCKS = YES;
				GCC_OPTIMIZATION_LEVEL = 0;
				GCC_PREPROCESSOR_DEFINITIONS = (
					"DEBUG=1",
					"$(inherited)",
				);
				GCC_SYMBOLS_PRIVATE_EXTERN = NO;
				GCC_WARN_64_TO_32_BIT_CONVERSION = YES;
				GCC_WARN_ABOUT_RETURN_TYPE = YES_ERROR;
				GCC_WARN_UNDECLARED_SELECTOR = YES;
				GCC_WARN_UNINITIALIZED_AUTOS = YES_AGGRESSIVE;
				GCC_WARN_UNUSED_FUNCTION = YES;
				GCC_WARN_UNUSED_VARIABLE = YES;
				INFOPLIST_FILE = CampKit/Info.plist;
				INSTALL_PATH = "$(LOCAL_LIBRARY_DIR)/Frameworks";
				LD_RUNPATH_SEARCH_PATHS = "$(inherited) @executable_path/../Frameworks @loader_path/Frameworks";
				MACOSX_DEPLOYMENT_TARGET = 10.10;
				MTL_ENABLE_DEBUG_INFO = YES;
				ONLY_ACTIVE_ARCH = YES;
				PRODUCT_NAME = "$(TARGET_NAME)";
				SDKROOT = "";
				SKIP_INSTALL = YES;
				SWIFT_OBJC_BRIDGING_HEADER = "CampKit/CampKit-Bridging-Header.h";
				SWIFT_OPTIMIZATION_LEVEL = "-Onone";
				VERSIONING_SYSTEM = "apple-generic";
				VERSION_INFO_PREFIX = "";
			};
			name = Debug;
		};
		9833345B1AA927AD00A87897 /* Release */ = {
			isa = XCBuildConfiguration;
			buildSettings = {
				ALWAYS_SEARCH_USER_PATHS = NO;
				CLANG_CXX_LANGUAGE_STANDARD = "gnu++0x";
				CLANG_CXX_LIBRARY = "libc++";
				CLANG_ENABLE_MODULES = YES;
				CLANG_ENABLE_OBJC_ARC = YES;
				CLANG_WARN_BOOL_CONVERSION = YES;
				CLANG_WARN_CONSTANT_CONVERSION = YES;
				CLANG_WARN_DIRECT_OBJC_ISA_USAGE = YES_ERROR;
				CLANG_WARN_EMPTY_BODY = YES;
				CLANG_WARN_ENUM_CONVERSION = YES;
				CLANG_WARN_INT_CONVERSION = YES;
				CLANG_WARN_OBJC_ROOT_CLASS = YES_ERROR;
				CLANG_WARN_UNREACHABLE_CODE = YES;
				CLANG_WARN__DUPLICATE_METHOD_MATCH = YES;
				COMBINE_HIDPI_IMAGES = YES;
				COPY_PHASE_STRIP = NO;
				CURRENT_PROJECT_VERSION = 1;
				DEBUG_INFORMATION_FORMAT = "dwarf-with-dsym";
				DEFINES_MODULE = YES;
				DYLIB_COMPATIBILITY_VERSION = 1;
				DYLIB_CURRENT_VERSION = 1;
				DYLIB_INSTALL_NAME_BASE = "@rpath";
				ENABLE_NS_ASSERTIONS = NO;
				ENABLE_STRICT_OBJC_MSGSEND = YES;
				FRAMEWORK_SEARCH_PATHS = "$(inherited)";
				FRAMEWORK_VERSION = A;
				GCC_C_LANGUAGE_STANDARD = gnu99;
				GCC_NO_COMMON_BLOCKS = YES;
				GCC_WARN_64_TO_32_BIT_CONVERSION = YES;
				GCC_WARN_ABOUT_RETURN_TYPE = YES_ERROR;
				GCC_WARN_UNDECLARED_SELECTOR = YES;
				GCC_WARN_UNINITIALIZED_AUTOS = YES_AGGRESSIVE;
				GCC_WARN_UNUSED_FUNCTION = YES;
				GCC_WARN_UNUSED_VARIABLE = YES;
				INFOPLIST_FILE = CampKit/Info.plist;
				INSTALL_PATH = "$(LOCAL_LIBRARY_DIR)/Frameworks";
				LD_RUNPATH_SEARCH_PATHS = "$(inherited) @executable_path/../Frameworks @loader_path/Frameworks";
				MACOSX_DEPLOYMENT_TARGET = 10.10;
				MTL_ENABLE_DEBUG_INFO = NO;
				PRODUCT_NAME = "$(TARGET_NAME)";
				SDKROOT = "";
				SKIP_INSTALL = YES;
				SWIFT_OBJC_BRIDGING_HEADER = "CampKit/CampKit-Bridging-Header.h";
				VERSIONING_SYSTEM = "apple-generic";
				VERSION_INFO_PREFIX = "";
			};
			name = Release;
		};
		9833345D1AA927AD00A87897 /* Debug */ = {
			isa = XCBuildConfiguration;
			buildSettings = {
				ALWAYS_SEARCH_USER_PATHS = NO;
				CLANG_CXX_LANGUAGE_STANDARD = "gnu++0x";
				CLANG_CXX_LIBRARY = "libc++";
				CLANG_ENABLE_MODULES = YES;
				CLANG_ENABLE_OBJC_ARC = YES;
				CLANG_WARN_BOOL_CONVERSION = YES;
				CLANG_WARN_CONSTANT_CONVERSION = YES;
				CLANG_WARN_DIRECT_OBJC_ISA_USAGE = YES_ERROR;
				CLANG_WARN_EMPTY_BODY = YES;
				CLANG_WARN_ENUM_CONVERSION = YES;
				CLANG_WARN_INT_CONVERSION = YES;
				CLANG_WARN_OBJC_ROOT_CLASS = YES_ERROR;
				CLANG_WARN_UNREACHABLE_CODE = YES;
				CLANG_WARN__DUPLICATE_METHOD_MATCH = YES;
				COMBINE_HIDPI_IMAGES = YES;
				COPY_PHASE_STRIP = NO;
				DEBUG_INFORMATION_FORMAT = dwarf;
				ENABLE_STRICT_OBJC_MSGSEND = YES;
				FRAMEWORK_SEARCH_PATHS = (
					"$(SDKROOT)",
					"$(DEVELOPER_FRAMEWORKS_DIR)",
					"$(inherited)",
				);
				GCC_C_LANGUAGE_STANDARD = gnu99;
				GCC_DYNAMIC_NO_PIC = NO;
				GCC_NO_COMMON_BLOCKS = YES;
				GCC_OPTIMIZATION_LEVEL = 0;
				GCC_PREPROCESSOR_DEFINITIONS = (
					"DEBUG=1",
					"$(inherited)",
				);
				GCC_SYMBOLS_PRIVATE_EXTERN = NO;
				GCC_WARN_64_TO_32_BIT_CONVERSION = YES;
				GCC_WARN_ABOUT_RETURN_TYPE = YES_ERROR;
				GCC_WARN_UNDECLARED_SELECTOR = YES;
				GCC_WARN_UNINITIALIZED_AUTOS = YES_AGGRESSIVE;
				GCC_WARN_UNUSED_FUNCTION = YES;
				GCC_WARN_UNUSED_VARIABLE = YES;
				INFOPLIST_FILE = CampKitTests/Info.plist;
				LD_RUNPATH_SEARCH_PATHS = "$(inherited) @executable_path/Frameworks @loader_path/Frameworks @executable_path/../Frameworks @loader_path/../Frameworks";
				MACOSX_DEPLOYMENT_TARGET = 10.10;
				MTL_ENABLE_DEBUG_INFO = YES;
				ONLY_ACTIVE_ARCH = YES;
				PRODUCT_NAME = "$(TARGET_NAME)";
				SDKROOT = macosx;
			};
			name = Debug;
		};
		9833345E1AA927AD00A87897 /* Release */ = {
			isa = XCBuildConfiguration;
			buildSettings = {
				ALWAYS_SEARCH_USER_PATHS = NO;
				CLANG_CXX_LANGUAGE_STANDARD = "gnu++0x";
				CLANG_CXX_LIBRARY = "libc++";
				CLANG_ENABLE_MODULES = YES;
				CLANG_ENABLE_OBJC_ARC = YES;
				CLANG_WARN_BOOL_CONVERSION = YES;
				CLANG_WARN_CONSTANT_CONVERSION = YES;
				CLANG_WARN_DIRECT_OBJC_ISA_USAGE = YES_ERROR;
				CLANG_WARN_EMPTY_BODY = YES;
				CLANG_WARN_ENUM_CONVERSION = YES;
				CLANG_WARN_INT_CONVERSION = YES;
				CLANG_WARN_OBJC_ROOT_CLASS = YES_ERROR;
				CLANG_WARN_UNREACHABLE_CODE = YES;
				CLANG_WARN__DUPLICATE_METHOD_MATCH = YES;
				COMBINE_HIDPI_IMAGES = YES;
				COPY_PHASE_STRIP = NO;
				DEBUG_INFORMATION_FORMAT = "dwarf-with-dsym";
				ENABLE_NS_ASSERTIONS = NO;
				ENABLE_STRICT_OBJC_MSGSEND = YES;
				FRAMEWORK_SEARCH_PATHS = (
					"$(SDKROOT)",
					"$(DEVELOPER_FRAMEWORKS_DIR)",
					"$(inherited)",
				);
				GCC_C_LANGUAGE_STANDARD = gnu99;
				GCC_NO_COMMON_BLOCKS = YES;
				GCC_WARN_64_TO_32_BIT_CONVERSION = YES;
				GCC_WARN_ABOUT_RETURN_TYPE = YES_ERROR;
				GCC_WARN_UNDECLARED_SELECTOR = YES;
				GCC_WARN_UNINITIALIZED_AUTOS = YES_AGGRESSIVE;
				GCC_WARN_UNUSED_FUNCTION = YES;
				GCC_WARN_UNUSED_VARIABLE = YES;
				INFOPLIST_FILE = CampKitTests/Info.plist;
				LD_RUNPATH_SEARCH_PATHS = "$(inherited) @executable_path/Frameworks @loader_path/Frameworks @executable_path/../Frameworks @loader_path/../Frameworks";
				MACOSX_DEPLOYMENT_TARGET = 10.10;
				MTL_ENABLE_DEBUG_INFO = NO;
				PRODUCT_NAME = "$(TARGET_NAME)";
				SDKROOT = macosx;
			};
			name = Release;
		};
/* End XCBuildConfiguration section */

/* Begin XCConfigurationList section */
		9833343D1AA9279700A87897 /* Build configuration list for PBXProject "CampKit" */ = {
			isa = XCConfigurationList;
			buildConfigurations = (
				9833343E1AA9279700A87897 /* Debug */,
				9833343F1AA9279700A87897 /* Release */,
			);
			defaultConfigurationIsVisible = 0;
			defaultConfigurationName = Release;
		};
		983334591AA927AD00A87897 /* Build configuration list for PBXNativeTarget "CampKit" */ = {
			isa = XCConfigurationList;
			buildConfigurations = (
				9833345A1AA927AD00A87897 /* Debug */,
				9833345B1AA927AD00A87897 /* Release */,
			);
			defaultConfigurationIsVisible = 0;
			defaultConfigurationName = Release;
		};
		9833345C1AA927AD00A87897 /* Build configuration list for PBXNativeTarget "CampKitTests" */ = {
			isa = XCConfigurationList;
			buildConfigurations = (
				9833345D1AA927AD00A87897 /* Debug */,
				9833345E1AA927AD00A87897 /* Release */,
			);
			defaultConfigurationIsVisible = 0;
			defaultConfigurationName = Release;
		};
/* End XCConfigurationList section */
	};
	rootObject = 9833343A1AA9279700A87897 /* Project object */;
}
